
Microsoft Visual Studio Solution File, Format Version 12.00
# Visual Studio Version 17
VisualStudioVersion = 17.0.32112.339
MinimumVisualStudioVersion = 10.0.40219.1
Project("{FAE04EC0-301F-11D3-BF4B-00C04F79EFBC}") = "Bypassion.ASBLogging", "Bypassion.ASBLogging\Bypassion.ASBLogging.csproj", "{949AE21F-1B0A-4FF9-9046-F3BFE82C6454}"
EndProject
Global
	GlobalSection(SolutionConfigurationPlatforms) = preSolution
		Debug|Any CPU = Debug|Any CPU
		Release|Any CPU = Release|Any CPU
	EndGlobalSection
	GlobalSection(ProjectConfigurationPlatforms) = postSolution
		{949AE21F-1B0A-4FF9-9046-F3BFE82C6454}.Debug|Any CPU.ActiveCfg = Debug|Any CPU
		{949AE21F-1B0A-4FF9-9046-F3BFE82C6454}.Debug|Any CPU.Build.0 = Debug|Any CPU
		{949AE21F-1B0A-4FF9-9046-F3BFE82C6454}.Release|Any CPU.ActiveCfg = Release|Any CPU
		{949AE21F-1B0A-4FF9-9046-F3BFE82C6454}.Release|Any CPU.Build.0 = Release|Any CPU
	EndGlobalSection
	GlobalSection(SolutionProperties) = preSolution
		HideSolutionNode = FALSE
	EndGlobalSection
	GlobalSection(ExtensibilityGlobals) = postSolution
		SolutionGuid = {6A7CA957-3813-4819-8009-6B6704C2CC17}
	EndGlobalSection
EndGlobal
